
Microsoft Visual Studio Solution File, Format Version 12.00
# Visual Studio Version 17
VisualStudioVersion = 17.0.31903.59
MinimumVisualStudioVersion = 10.0.40219.1
Project("{2150E333-8FDC-42A3-9474-1A3956D46DE8}") = "src", "src", "{827E0CD3-B72D-47B6-A68D-7590B98EB39B}"
EndProject
Project("{FAE04EC0-301F-11D3-BF4B-00C04F79EFBC}") = "NvimClient.API", "src\NvimClient.API\NvimClient.API.csproj", "{32127D32-6AC0-4D61-A9E2-A43D04B95D04}"
EndProject
Project("{FAE04EC0-301F-11D3-BF4B-00C04F79EFBC}") = "NvimClient", "src\NvimClient\NvimClient.csproj", "{6D6F2815-FB09-4FC8-A116-3828DF09071F}"
EndProject
Project("{FAE04EC0-301F-11D3-BF4B-00C04F79EFBC}") = "NvimClient.APIGenerator", "src\NvimClient.APIGenerator\NvimClient.APIGenerator.csproj", "{D4D25C9E-8CEA-4907-B265-9BA0349983C4}"
EndProject
Project("{FAE04EC0-301F-11D3-BF4B-00C04F79EFBC}") = "NvimPluginHost", "src\NvimPluginHost\NvimPluginHost.csproj", "{3218781A-97D8-4DDE-8C77-1EE927DC221D}"
EndProject
Project("{2150E333-8FDC-42A3-9474-1A3956D46DE8}") = "test", "test", "{0C88DD14-F956-CE84-757C-A364CCF449FC}"
EndProject
Project("{FAE04EC0-301F-11D3-BF4B-00C04F79EFBC}") = "NvimClient.APIGenerator.Test", "test\NvimClient.APIGenerator.Test\NvimClient.APIGenerator.Test.csproj", "{308BECC9-BA28-4B74-818F-A02D191E03E0}"
EndProject
Project("{FAE04EC0-301F-11D3-BF4B-00C04F79EFBC}") = "NvimClient.Test", "test\NvimClient.Test\NvimClient.Test.csproj", "{21E72B62-1B0D-417F-A9CB-06CB2AFD4F60}"
EndProject
Global
	GlobalSection(SolutionConfigurationPlatforms) = preSolution
		Debug|Any CPU = Debug|Any CPU
		Debug|x64 = Debug|x64
		Debug|x86 = Debug|x86
		Release|Any CPU = Release|Any CPU
		Release|x64 = Release|x64
		Release|x86 = Release|x86
	EndGlobalSection
	GlobalSection(ProjectConfigurationPlatforms) = postSolution
		{32127D32-6AC0-4D61-A9E2-A43D04B95D04}.Debug|Any CPU.ActiveCfg = Debug|Any CPU
		{32127D32-6AC0-4D61-A9E2-A43D04B95D04}.Debug|Any CPU.Build.0 = Debug|Any CPU
		{32127D32-6AC0-4D61-A9E2-A43D04B95D04}.Debug|x64.ActiveCfg = Debug|Any CPU
		{32127D32-6AC0-4D61-A9E2-A43D04B95D04}.Debug|x64.Build.0 = Debug|Any CPU
		{32127D32-6AC0-4D61-A9E2-A43D04B95D04}.Debug|x86.ActiveCfg = Debug|Any CPU
		{32127D32-6AC0-4D61-A9E2-A43D04B95D04}.Debug|x86.Build.0 = Debug|Any CPU
		{32127D32-6AC0-4D61-A9E2-A43D04B95D04}.Release|Any CPU.ActiveCfg = Release|Any CPU
		{32127D32-6AC0-4D61-A9E2-A43D04B95D04}.Release|Any CPU.Build.0 = Release|Any CPU
		{32127D32-6AC0-4D61-A9E2-A43D04B95D04}.Release|x64.ActiveCfg = Release|Any CPU
		{32127D32-6AC0-4D61-A9E2-A43D04B95D04}.Release|x64.Build.0 = Release|Any CPU
		{32127D32-6AC0-4D61-A9E2-A43D04B95D04}.Release|x86.ActiveCfg = Release|Any CPU
		{32127D32-6AC0-4D61-A9E2-A43D04B95D04}.Release|x86.Build.0 = Release|Any CPU
		{6D6F2815-FB09-4FC8-A116-3828DF09071F}.Debug|Any CPU.ActiveCfg = Debug|Any CPU
		{6D6F2815-FB09-4FC8-A116-3828DF09071F}.Debug|Any CPU.Build.0 = Debug|Any CPU
		{6D6F2815-FB09-4FC8-A116-3828DF09071F}.Debug|x64.ActiveCfg = Debug|Any CPU
		{6D6F2815-FB09-4FC8-A116-3828DF09071F}.Debug|x64.Build.0 = Debug|Any CPU
		{6D6F2815-FB09-4FC8-A116-3828DF09071F}.Debug|x86.ActiveCfg = Debug|Any CPU
		{6D6F2815-FB09-4FC8-A116-3828DF09071F}.Debug|x86.Build.0 = Debug|Any CPU
		{6D6F2815-FB09-4FC8-A116-3828DF09071F}.Release|Any CPU.ActiveCfg = Release|Any CPU
		{6D6F2815-FB09-4FC8-A116-3828DF09071F}.Release|Any CPU.Build.0 = Release|Any CPU
		{6D6F2815-FB09-4FC8-A116-3828DF09071F}.Release|x64.ActiveCfg = Release|Any CPU
		{6D6F2815-FB09-4FC8-A116-3828DF09071F}.Release|x64.Build.0 = Release|Any CPU
		{6D6F2815-FB09-4FC8-A116-3828DF09071F}.Release|x86.ActiveCfg = Release|Any CPU
		{6D6F2815-FB09-4FC8-A116-3828DF09071F}.Release|x86.Build.0 = Release|Any CPU
		{D4D25C9E-8CEA-4907-B265-9BA0349983C4}.Debug|Any CPU.ActiveCfg = Debug|Any CPU
		{D4D25C9E-8CEA-4907-B265-9BA0349983C4}.Debug|Any CPU.Build.0 = Debug|Any CPU
		{D4D25C9E-8CEA-4907-B265-9BA0349983C4}.Debug|x64.ActiveCfg = Debug|Any CPU
		{D4D25C9E-8CEA-4907-B265-9BA0349983C4}.Debug|x64.Build.0 = Debug|Any CPU
		{D4D25C9E-8CEA-4907-B265-9BA0349983C4}.Debug|x86.ActiveCfg = Debug|Any CPU
		{D4D25C9E-8CEA-4907-B265-9BA0349983C4}.Debug|x86.Build.0 = Debug|Any CPU
		{D4D25C9E-8CEA-4907-B265-9BA0349983C4}.Release|Any CPU.ActiveCfg = Release|Any CPU
		{D4D25C9E-8CEA-4907-B265-9BA0349983C4}.Release|Any CPU.Build.0 = Release|Any CPU
		{D4D25C9E-8CEA-4907-B265-9BA0349983C4}.Release|x64.ActiveCfg = Release|Any CPU
		{D4D25C9E-8CEA-4907-B265-9BA0349983C4}.Release|x64.Build.0 = Release|Any CPU
		{D4D25C9E-8CEA-4907-B265-9BA0349983C4}.Release|x86.ActiveCfg = Release|Any CPU
		{D4D25C9E-8CEA-4907-B265-9BA0349983C4}.Release|x86.Build.0 = Release|Any CPU
		{3218781A-97D8-4DDE-8C77-1EE927DC221D}.Debug|Any CPU.ActiveCfg = Debug|Any CPU
		{3218781A-97D8-4DDE-8C77-1EE927DC221D}.Debug|Any CPU.Build.0 = Debug|Any CPU
		{3218781A-97D8-4DDE-8C77-1EE927DC221D}.Debug|x64.ActiveCfg = Debug|Any CPU
		{3218781A-97D8-4DDE-8C77-1EE927DC221D}.Debug|x64.Build.0 = Debug|Any CPU
		{3218781A-97D8-4DDE-8C77-1EE927DC221D}.Debug|x86.ActiveCfg = Debug|Any CPU
		{3218781A-97D8-4DDE-8C77-1EE927DC221D}.Debug|x86.Build.0 = Debug|Any CPU
		{3218781A-97D8-4DDE-8C77-1EE927DC221D}.Release|Any CPU.ActiveCfg = Release|Any CPU
		{3218781A-97D8-4DDE-8C77-1EE927DC221D}.Release|Any CPU.Build.0 = Release|Any CPU
		{3218781A-97D8-4DDE-8C77-1EE927DC221D}.Release|x64.ActiveCfg = Release|Any CPU
		{3218781A-97D8-4DDE-8C77-1EE927DC221D}.Release|x64.Build.0 = Release|Any CPU
		{3218781A-97D8-4DDE-8C77-1EE927DC221D}.Release|x86.ActiveCfg = Release|Any CPU
		{3218781A-97D8-4DDE-8C77-1EE927DC221D}.Release|x86.Build.0 = Release|Any CPU
		{308BECC9-BA28-4B74-818F-A02D191E03E0}.Debug|Any CPU.ActiveCfg = Debug|Any CPU
		{308BECC9-BA28-4B74-818F-A02D191E03E0}.Debug|Any CPU.Build.0 = Debug|Any CPU
		{308BECC9-BA28-4B74-818F-A02D191E03E0}.Debug|x64.ActiveCfg = Debug|Any CPU
		{308BECC9-BA28-4B74-818F-A02D191E03E0}.Debug|x64.Build.0 = Debug|Any CPU
		{308BECC9-BA28-4B74-818F-A02D191E03E0}.Debug|x86.ActiveCfg = Debug|Any CPU
		{308BECC9-BA28-4B74-818F-A02D191E03E0}.Debug|x86.Build.0 = Debug|Any CPU
		{308BECC9-BA28-4B74-818F-A02D191E03E0}.Release|Any CPU.ActiveCfg = Release|Any CPU
		{308BECC9-BA28-4B74-818F-A02D191E03E0}.Release|Any CPU.Build.0 = Release|Any CPU
		{308BECC9-BA28-4B74-818F-A02D191E03E0}.Release|x64.ActiveCfg = Release|Any CPU
		{308BECC9-BA28-4B74-818F-A02D191E03E0}.Release|x64.Build.0 = Release|Any CPU
		{308BECC9-BA28-4B74-818F-A02D191E03E0}.Release|x86.ActiveCfg = Release|Any CPU
		{308BECC9-BA28-4B74-818F-A02D191E03E0}.Release|x86.Build.0 = Release|Any CPU
		{21E72B62-1B0D-417F-A9CB-06CB2AFD4F60}.Debug|Any CPU.ActiveCfg = Debug|Any CPU
		{21E72B62-1B0D-417F-A9CB-06CB2AFD4F60}.Debug|Any CPU.Build.0 = Debug|Any CPU
		{21E72B62-1B0D-417F-A9CB-06CB2AFD4F60}.Debug|x64.ActiveCfg = Debug|Any CPU
		{21E72B62-1B0D-417F-A9CB-06CB2AFD4F60}.Debug|x64.Build.0 = Debug|Any CPU
		{21E72B62-1B0D-417F-A9CB-06CB2AFD4F60}.Debug|x86.ActiveCfg = Debug|Any CPU
		{21E72B62-1B0D-417F-A9CB-06CB2AFD4F60}.Debug|x86.Build.0 = Debug|Any CPU
		{21E72B62-1B0D-417F-A9CB-06CB2AFD4F60}.Release|Any CPU.ActiveCfg = Release|Any CPU
		{21E72B62-1B0D-417F-A9CB-06CB2AFD4F60}.Release|Any CPU.Build.0 = Release|Any CPU
		{21E72B62-1B0D-417F-A9CB-06CB2AFD4F60}.Release|x64.ActiveCfg = Release|Any CPU
		{21E72B62-1B0D-417F-A9CB-06CB2AFD4F60}.Release|x64.Build.0 = Release|Any CPU
		{21E72B62-1B0D-417F-A9CB-06CB2AFD4F60}.Release|x86.ActiveCfg = Release|Any CPU
		{21E72B62-1B0D-417F-A9CB-06CB2AFD4F60}.Release|x86.Build.0 = Release|Any CPU
	EndGlobalSection
	GlobalSection(SolutionProperties) = preSolution
		HideSolutionNode = FALSE
	EndGlobalSection
	GlobalSection(NestedProjects) = preSolution
		{32127D32-6AC0-4D61-A9E2-A43D04B95D04} = {827E0CD3-B72D-47B6-A68D-7590B98EB39B}
		{6D6F2815-FB09-4FC8-A116-3828DF09071F} = {827E0CD3-B72D-47B6-A68D-7590B98EB39B}
		{D4D25C9E-8CEA-4907-B265-9BA0349983C4} = {827E0CD3-B72D-47B6-A68D-7590B98EB39B}
		{3218781A-97D8-4DDE-8C77-1EE927DC221D} = {827E0CD3-B72D-47B6-A68D-7590B98EB39B}
		{308BECC9-BA28-4B74-818F-A02D191E03E0} = {0C88DD14-F956-CE84-757C-A364CCF449FC}
		{21E72B62-1B0D-417F-A9CB-06CB2AFD4F60} = {0C88DD14-F956-CE84-757C-A364CCF449FC}
	EndGlobalSection
EndGlobal
