
Microsoft Visual Studio Solution File, Format Version 12.00
# Visual Studio Version 17
VisualStudioVersion = 17.0.31903.59
MinimumVisualStudioVersion = 10.0.40219.1
Project("{2150E333-8FDC-42A3-9474-1A3956D46DE8}") = "src", "src", "{827E0CD3-B72D-47B6-A68D-7590B98EB39B}"
EndProject
Project("{FAE04EC0-301F-11D3-BF4B-00C04F79EFBC}") = "NvimClient", "src\NvimClient\NvimClient.csproj", "{9B62F5EE-6A81-4CAF-9C4C-243FD1951A3C}"
EndProject
Project("{FAE04EC0-301F-11D3-BF4B-00C04F79EFBC}") = "NvimClient.API", "src\NvimClient.API\NvimClient.API.csproj", "{F50ED250-5671-47D8-B433-32232CF97A30}"
EndProject
Project("{FAE04EC0-301F-11D3-BF4B-00C04F79EFBC}") = "NvimClient.APIGenerator", "src\NvimClient.APIGenerator\NvimClient.APIGenerator.csproj", "{A56F641C-CBC6-4B54-B98D-8941F98FF4C8}"
EndProject
Project("{FAE04EC0-301F-11D3-BF4B-00C04F79EFBC}") = "NvimPluginHost", "src\NvimPluginHost\NvimPluginHost.csproj", "{2DF3FC4B-7745-4015-9C7E-08542F298500}"
EndProject
Project("{2150E333-8FDC-42A3-9474-1A3956D46DE8}") = "test", "test", "{3E72BF5C-0B5E-D5BD-DCAE-6B991004B4A5}"
EndProject
Project("{FAE04EC0-301F-11D3-BF4B-00C04F79EFBC}") = "NvimClient.APIGenerator.Test", "src\test\NvimClient.APIGenerator.Test\NvimClient.APIGenerator.Test.csproj", "{310CABA7-630A-45E5-A51E-0459EB5EBC43}"
EndProject
Project("{FAE04EC0-301F-11D3-BF4B-00C04F79EFBC}") = "NvimClient.Test", "src\test\NvimClient.Test\NvimClient.Test.csproj", "{6AFBA61A-903A-4396-BB71-3C89FA294958}"
EndProject
Global
	GlobalSection(SolutionConfigurationPlatforms) = preSolution
		Debug|Any CPU = Debug|Any CPU
		Debug|x64 = Debug|x64
		Debug|x86 = Debug|x86
		Release|Any CPU = Release|Any CPU
		Release|x64 = Release|x64
		Release|x86 = Release|x86
	EndGlobalSection
	GlobalSection(ProjectConfigurationPlatforms) = postSolution
		{9B62F5EE-6A81-4CAF-9C4C-243FD1951A3C}.Debug|Any CPU.ActiveCfg = Debug|Any CPU
		{9B62F5EE-6A81-4CAF-9C4C-243FD1951A3C}.Debug|Any CPU.Build.0 = Debug|Any CPU
		{9B62F5EE-6A81-4CAF-9C4C-243FD1951A3C}.Debug|x64.ActiveCfg = Debug|Any CPU
		{9B62F5EE-6A81-4CAF-9C4C-243FD1951A3C}.Debug|x64.Build.0 = Debug|Any CPU
		{9B62F5EE-6A81-4CAF-9C4C-243FD1951A3C}.Debug|x86.ActiveCfg = Debug|Any CPU
		{9B62F5EE-6A81-4CAF-9C4C-243FD1951A3C}.Debug|x86.Build.0 = Debug|Any CPU
		{9B62F5EE-6A81-4CAF-9C4C-243FD1951A3C}.Release|Any CPU.ActiveCfg = Release|Any CPU
		{9B62F5EE-6A81-4CAF-9C4C-243FD1951A3C}.Release|Any CPU.Build.0 = Release|Any CPU
		{9B62F5EE-6A81-4CAF-9C4C-243FD1951A3C}.Release|x64.ActiveCfg = Release|Any CPU
		{9B62F5EE-6A81-4CAF-9C4C-243FD1951A3C}.Release|x64.Build.0 = Release|Any CPU
		{9B62F5EE-6A81-4CAF-9C4C-243FD1951A3C}.Release|x86.ActiveCfg = Release|Any CPU
		{9B62F5EE-6A81-4CAF-9C4C-243FD1951A3C}.Release|x86.Build.0 = Release|Any CPU
		{F50ED250-5671-47D8-B433-32232CF97A30}.Debug|Any CPU.ActiveCfg = Debug|Any CPU
		{F50ED250-5671-47D8-B433-32232CF97A30}.Debug|Any CPU.Build.0 = Debug|Any CPU
		{F50ED250-5671-47D8-B433-32232CF97A30}.Debug|x64.ActiveCfg = Debug|Any CPU
		{F50ED250-5671-47D8-B433-32232CF97A30}.Debug|x64.Build.0 = Debug|Any CPU
		{F50ED250-5671-47D8-B433-32232CF97A30}.Debug|x86.ActiveCfg = Debug|Any CPU
		{F50ED250-5671-47D8-B433-32232CF97A30}.Debug|x86.Build.0 = Debug|Any CPU
		{F50ED250-5671-47D8-B433-32232CF97A30}.Release|Any CPU.ActiveCfg = Release|Any CPU
		{F50ED250-5671-47D8-B433-32232CF97A30}.Release|Any CPU.Build.0 = Release|Any CPU
		{F50ED250-5671-47D8-B433-32232CF97A30}.Release|x64.ActiveCfg = Release|Any CPU
		{F50ED250-5671-47D8-B433-32232CF97A30}.Release|x64.Build.0 = Release|Any CPU
		{F50ED250-5671-47D8-B433-32232CF97A30}.Release|x86.ActiveCfg = Release|Any CPU
		{F50ED250-5671-47D8-B433-32232CF97A30}.Release|x86.Build.0 = Release|Any CPU
		{A56F641C-CBC6-4B54-B98D-8941F98FF4C8}.Debug|Any CPU.ActiveCfg = Debug|Any CPU
		{A56F641C-CBC6-4B54-B98D-8941F98FF4C8}.Debug|Any CPU.Build.0 = Debug|Any CPU
		{A56F641C-CBC6-4B54-B98D-8941F98FF4C8}.Debug|x64.ActiveCfg = Debug|Any CPU
		{A56F641C-CBC6-4B54-B98D-8941F98FF4C8}.Debug|x64.Build.0 = Debug|Any CPU
		{A56F641C-CBC6-4B54-B98D-8941F98FF4C8}.Debug|x86.ActiveCfg = Debug|Any CPU
		{A56F641C-CBC6-4B54-B98D-8941F98FF4C8}.Debug|x86.Build.0 = Debug|Any CPU
		{A56F641C-CBC6-4B54-B98D-8941F98FF4C8}.Release|Any CPU.ActiveCfg = Release|Any CPU
		{A56F641C-CBC6-4B54-B98D-8941F98FF4C8}.Release|Any CPU.Build.0 = Release|Any CPU
		{A56F641C-CBC6-4B54-B98D-8941F98FF4C8}.Release|x64.ActiveCfg = Release|Any CPU
		{A56F641C-CBC6-4B54-B98D-8941F98FF4C8}.Release|x64.Build.0 = Release|Any CPU
		{A56F641C-CBC6-4B54-B98D-8941F98FF4C8}.Release|x86.ActiveCfg = Release|Any CPU
		{A56F641C-CBC6-4B54-B98D-8941F98FF4C8}.Release|x86.Build.0 = Release|Any CPU
		{2DF3FC4B-7745-4015-9C7E-08542F298500}.Debug|Any CPU.ActiveCfg = Debug|Any CPU
		{2DF3FC4B-7745-4015-9C7E-08542F298500}.Debug|Any CPU.Build.0 = Debug|Any CPU
		{2DF3FC4B-7745-4015-9C7E-08542F298500}.Debug|x64.ActiveCfg = Debug|Any CPU
		{2DF3FC4B-7745-4015-9C7E-08542F298500}.Debug|x64.Build.0 = Debug|Any CPU
		{2DF3FC4B-7745-4015-9C7E-08542F298500}.Debug|x86.ActiveCfg = Debug|Any CPU
		{2DF3FC4B-7745-4015-9C7E-08542F298500}.Debug|x86.Build.0 = Debug|Any CPU
		{2DF3FC4B-7745-4015-9C7E-08542F298500}.Release|Any CPU.ActiveCfg = Release|Any CPU
		{2DF3FC4B-7745-4015-9C7E-08542F298500}.Release|Any CPU.Build.0 = Release|Any CPU
		{2DF3FC4B-7745-4015-9C7E-08542F298500}.Release|x64.ActiveCfg = Release|Any CPU
		{2DF3FC4B-7745-4015-9C7E-08542F298500}.Release|x64.Build.0 = Release|Any CPU
		{2DF3FC4B-7745-4015-9C7E-08542F298500}.Release|x86.ActiveCfg = Release|Any CPU
		{2DF3FC4B-7745-4015-9C7E-08542F298500}.Release|x86.Build.0 = Release|Any CPU
		{310CABA7-630A-45E5-A51E-0459EB5EBC43}.Debug|Any CPU.ActiveCfg = Debug|Any CPU
		{310CABA7-630A-45E5-A51E-0459EB5EBC43}.Debug|Any CPU.Build.0 = Debug|Any CPU
		{310CABA7-630A-45E5-A51E-0459EB5EBC43}.Debug|x64.ActiveCfg = Debug|Any CPU
		{310CABA7-630A-45E5-A51E-0459EB5EBC43}.Debug|x64.Build.0 = Debug|Any CPU
		{310CABA7-630A-45E5-A51E-0459EB5EBC43}.Debug|x86.ActiveCfg = Debug|Any CPU
		{310CABA7-630A-45E5-A51E-0459EB5EBC43}.Debug|x86.Build.0 = Debug|Any CPU
		{310CABA7-630A-45E5-A51E-0459EB5EBC43}.Release|Any CPU.ActiveCfg = Release|Any CPU
		{310CABA7-630A-45E5-A51E-0459EB5EBC43}.Release|Any CPU.Build.0 = Release|Any CPU
		{310CABA7-630A-45E5-A51E-0459EB5EBC43}.Release|x64.ActiveCfg = Release|Any CPU
		{310CABA7-630A-45E5-A51E-0459EB5EBC43}.Release|x64.Build.0 = Release|Any CPU
		{310CABA7-630A-45E5-A51E-0459EB5EBC43}.Release|x86.ActiveCfg = Release|Any CPU
		{310CABA7-630A-45E5-A51E-0459EB5EBC43}.Release|x86.Build.0 = Release|Any CPU
		{6AFBA61A-903A-4396-BB71-3C89FA294958}.Debug|Any CPU.ActiveCfg = Debug|Any CPU
		{6AFBA61A-903A-4396-BB71-3C89FA294958}.Debug|Any CPU.Build.0 = Debug|Any CPU
		{6AFBA61A-903A-4396-BB71-3C89FA294958}.Debug|x64.ActiveCfg = Debug|Any CPU
		{6AFBA61A-903A-4396-BB71-3C89FA294958}.Debug|x64.Build.0 = Debug|Any CPU
		{6AFBA61A-903A-4396-BB71-3C89FA294958}.Debug|x86.ActiveCfg = Debug|Any CPU
		{6AFBA61A-903A-4396-BB71-3C89FA294958}.Debug|x86.Build.0 = Debug|Any CPU
		{6AFBA61A-903A-4396-BB71-3C89FA294958}.Release|Any CPU.ActiveCfg = Release|Any CPU
		{6AFBA61A-903A-4396-BB71-3C89FA294958}.Release|Any CPU.Build.0 = Release|Any CPU
		{6AFBA61A-903A-4396-BB71-3C89FA294958}.Release|x64.ActiveCfg = Release|Any CPU
		{6AFBA61A-903A-4396-BB71-3C89FA294958}.Release|x64.Build.0 = Release|Any CPU
		{6AFBA61A-903A-4396-BB71-3C89FA294958}.Release|x86.ActiveCfg = Release|Any CPU
		{6AFBA61A-903A-4396-BB71-3C89FA294958}.Release|x86.Build.0 = Release|Any CPU
	EndGlobalSection
	GlobalSection(SolutionProperties) = preSolution
		HideSolutionNode = FALSE
	EndGlobalSection
	GlobalSection(NestedProjects) = preSolution
		{9B62F5EE-6A81-4CAF-9C4C-243FD1951A3C} = {827E0CD3-B72D-47B6-A68D-7590B98EB39B}
		{F50ED250-5671-47D8-B433-32232CF97A30} = {827E0CD3-B72D-47B6-A68D-7590B98EB39B}
		{A56F641C-CBC6-4B54-B98D-8941F98FF4C8} = {827E0CD3-B72D-47B6-A68D-7590B98EB39B}
		{2DF3FC4B-7745-4015-9C7E-08542F298500} = {827E0CD3-B72D-47B6-A68D-7590B98EB39B}
		{3E72BF5C-0B5E-D5BD-DCAE-6B991004B4A5} = {827E0CD3-B72D-47B6-A68D-7590B98EB39B}
		{310CABA7-630A-45E5-A51E-0459EB5EBC43} = {3E72BF5C-0B5E-D5BD-DCAE-6B991004B4A5}
		{6AFBA61A-903A-4396-BB71-3C89FA294958} = {3E72BF5C-0B5E-D5BD-DCAE-6B991004B4A5}
	EndGlobalSection
EndGlobal
